
Microsoft Visual Studio Solution File, Format Version 11.00
# Visual Studio 2010
Project("{E24C65DC-7377-472B-9ABA-BC803B73C61A}") = "CoreSite", "CoreSite\", "{27B87E09-2B05-451E-8371-BC6ED5895BD6}"
	ProjectSection(WebsiteProperties) = preProject
		TargetFrameworkMoniker = ".NETFramework,Version%3Dv3.5"
		Debug.AspNetCompiler.VirtualPath = "/CoreSite"
		Debug.AspNetCompiler.PhysicalPath = "CoreSite\"
		Debug.AspNetCompiler.TargetPath = "PrecompiledWeb\CoreSite\"
		Debug.AspNetCompiler.Updateable = "true"
		Debug.AspNetCompiler.ForceOverwrite = "true"
		Debug.AspNetCompiler.FixedNames = "false"
		Debug.AspNetCompiler.Debug = "True"
		Release.AspNetCompiler.VirtualPath = "/CoreSite"
		Release.AspNetCompiler.PhysicalPath = "CoreSite\"
		Release.AspNetCompiler.TargetPath = "PrecompiledWeb\CoreSite\"
		Release.AspNetCompiler.Updateable = "true"
		Release.AspNetCompiler.ForceOverwrite = "true"
		Release.AspNetCompiler.FixedNames = "false"
		Release.AspNetCompiler.Debug = "False"
		VWDPort = "1128"
	EndProjectSection
EndProject
Project("{FAE04EC0-301F-11D3-BF4B-00C04F79EFBC}") = "DAL", "DAL\DAL.csproj", "{F34E2C98-4DF3-4162-9A6C-E4DA530839FD}"
EndProject
Global
	GlobalSection(SolutionConfigurationPlatforms) = preSolution
		Debug|Any CPU = Debug|Any CPU
		Release|Any CPU = Release|Any CPU
	EndGlobalSection
	GlobalSection(ProjectConfigurationPlatforms) = postSolution
		{27B87E09-2B05-451E-8371-BC6ED5895BD6}.Debug|Any CPU.ActiveCfg = Debug|Any CPU
		{27B87E09-2B05-451E-8371-BC6ED5895BD6}.Debug|Any CPU.Build.0 = Debug|Any CPU
		{27B87E09-2B05-451E-8371-BC6ED5895BD6}.Release|Any CPU.ActiveCfg = Debug|Any CPU
		{27B87E09-2B05-451E-8371-BC6ED5895BD6}.Release|Any CPU.Build.0 = Debug|Any CPU
		{F34E2C98-4DF3-4162-9A6C-E4DA530839FD}.Debug|Any CPU.ActiveCfg = Debug|Any CPU
		{F34E2C98-4DF3-4162-9A6C-E4DA530839FD}.Debug|Any CPU.Build.0 = Debug|Any CPU
		{F34E2C98-4DF3-4162-9A6C-E4DA530839FD}.Release|Any CPU.ActiveCfg = Release|Any CPU
		{F34E2C98-4DF3-4162-9A6C-E4DA530839FD}.Release|Any CPU.Build.0 = Release|Any CPU
	EndGlobalSection
	GlobalSection(SolutionProperties) = preSolution
		HideSolutionNode = FALSE
	EndGlobalSection
EndGlobal
